dependencies:
- name: policy-reporter
  repository: https://kyverno.github.io/policy-reporter
  version: 3.7.3
- name: openreports
  repository: https://openreports.github.io/reports-api
  version: 0.2.1
digest: sha256:d32443555d17e6a386c0c568108d1f6b669fd8e8118301cd7b1767df765923e4
generated: "2026-04-08T16:22:23.231805865-03:00"
